
Microsoft Visual Studio Solution File, Format Version 12.00
# Visual Studio 2012
Project("{2150E333-8FDC-42A3-9474-1A3956D46DE8}") = ".nuget", ".nuget", "{09F1D6E1-759E-43CB-B1AA-38BBF76651BE}"
	ProjectSection(SolutionItems) = preProject
		.nuget\NuGet.Config = .nuget\NuGet.Config
		.nuget\NuGet.exe = .nuget\NuGet.exe
		.nuget\NuGet.targets = .nuget\NuGet.targets
	EndProjectSection
EndProject
Project("{F2A71F9B-5D33-465A-A702-920D77279786}") = "SharpRavenContribFs", "src\SharpRavenContribFs\SharpRavenContribFs.fsproj", "{79FB5737-5EEF-4A27-9FF8-7F28F9E5B493}"
EndProject
Project("{FAE04EC0-301F-11D3-BF4B-00C04F79EFBC}") = "SharpRavenContrib", "src\SharpRavenContrib\SharpRavenContrib.csproj", "{93535919-26B1-4D67-AB8D-B4769E0D2B2C}"
EndProject
Project("{2150E333-8FDC-42A3-9474-1A3956D46DE8}") = "Examples", "Examples", "{1CB6FF5F-6426-4D1F-9CCB-8ED0BA83B809}"
EndProject
Project("{FAE04EC0-301F-11D3-BF4B-00C04F79EFBC}") = "SharpRavenContribExample", "examples\SharpRavenContribExample\SharpRavenContribExample.csproj", "{DB7E83DB-BF29-4727-BBA5-14CC2D55085E}"
EndProject
Project("{F2A71F9B-5D33-465A-A702-920D77279786}") = "SharpRavenContribFsExample", "examples\SharpRavenContribFsExample\SharpRavenContribFsExample.fsproj", "{33520AEE-D49B-4BE2-A80A-A3A54468E931}"
EndProject
Project("{2150E333-8FDC-42A3-9474-1A3956D46DE8}") = "Solution Items", "Solution Items", "{56A2A766-EDD9-4548-9782-405D045E72BC}"
	ProjectSection(SolutionItems) = preProject
		build.fsx = build.fsx
		LICENSE.txt = LICENSE.txt
		nuget\Raven-Csharp-Contrib.nuspec = nuget\Raven-Csharp-Contrib.nuspec
		nuget\Raven-Csharp-ContribFs.nuspec = nuget\Raven-Csharp-ContribFs.nuspec
		README.md = README.md
		RELEASE_NOTES.md = RELEASE_NOTES.md
	EndProjectSection
EndProject
Global
	GlobalSection(SolutionConfigurationPlatforms) = preSolution
		Debug|Any CPU = Debug|Any CPU
		Release|Any CPU = Release|Any CPU
	EndGlobalSection
	GlobalSection(ProjectConfigurationPlatforms) = postSolution
		{79FB5737-5EEF-4A27-9FF8-7F28F9E5B493}.Debug|Any CPU.ActiveCfg = Debug|Any CPU
		{79FB5737-5EEF-4A27-9FF8-7F28F9E5B493}.Debug|Any CPU.Build.0 = Debug|Any CPU
		{79FB5737-5EEF-4A27-9FF8-7F28F9E5B493}.Release|Any CPU.ActiveCfg = Release|Any CPU
		{79FB5737-5EEF-4A27-9FF8-7F28F9E5B493}.Release|Any CPU.Build.0 = Release|Any CPU
		{93535919-26B1-4D67-AB8D-B4769E0D2B2C}.Debug|Any CPU.ActiveCfg = Debug|Any CPU
		{93535919-26B1-4D67-AB8D-B4769E0D2B2C}.Debug|Any CPU.Build.0 = Debug|Any CPU
		{93535919-26B1-4D67-AB8D-B4769E0D2B2C}.Release|Any CPU.ActiveCfg = Release|Any CPU
		{93535919-26B1-4D67-AB8D-B4769E0D2B2C}.Release|Any CPU.Build.0 = Release|Any CPU
		{DB7E83DB-BF29-4727-BBA5-14CC2D55085E}.Debug|Any CPU.ActiveCfg = Debug|Any CPU
		{DB7E83DB-BF29-4727-BBA5-14CC2D55085E}.Debug|Any CPU.Build.0 = Debug|Any CPU
		{DB7E83DB-BF29-4727-BBA5-14CC2D55085E}.Release|Any CPU.ActiveCfg = Release|Any CPU
		{DB7E83DB-BF29-4727-BBA5-14CC2D55085E}.Release|Any CPU.Build.0 = Release|Any CPU
		{33520AEE-D49B-4BE2-A80A-A3A54468E931}.Debug|Any CPU.ActiveCfg = Debug|Any CPU
		{33520AEE-D49B-4BE2-A80A-A3A54468E931}.Debug|Any CPU.Build.0 = Debug|Any CPU
		{33520AEE-D49B-4BE2-A80A-A3A54468E931}.Release|Any CPU.ActiveCfg = Release|Any CPU
		{33520AEE-D49B-4BE2-A80A-A3A54468E931}.Release|Any CPU.Build.0 = Release|Any CPU
	EndGlobalSection
	GlobalSection(SolutionProperties) = preSolution
		HideSolutionNode = FALSE
	EndGlobalSection
	GlobalSection(NestedProjects) = preSolution
		{DB7E83DB-BF29-4727-BBA5-14CC2D55085E} = {1CB6FF5F-6426-4D1F-9CCB-8ED0BA83B809}
		{33520AEE-D49B-4BE2-A80A-A3A54468E931} = {1CB6FF5F-6426-4D1F-9CCB-8ED0BA83B809}
	EndGlobalSection
EndGlobal
